
Microsoft Visual Studio Solution File, Format Version 12.00
# Visual Studio Version 17
VisualStudioVersion = 17.6.33417.168
MinimumVisualStudioVersion = 10.0.40219.1
Project("{FAE04EC0-301F-11D3-BF4B-00C04F79EFBC}") = "ZeroMissionWebApi", "ZeroMission\ZeroMissionWebApi.csproj", "{565D12BE-0F20-419F-90FE-39092F9AC696}"
EndProject
Global
	GlobalSection(SolutionConfigurationPlatforms) = preSolution
		Debug|Any CPU = Debug|Any CPU
		Release|Any CPU = Release|Any CPU
	EndGlobalSection
	GlobalSection(ProjectConfigurationPlatforms) = postSolution
		{565D12BE-0F20-419F-90FE-39092F9AC696}.Debug|Any CPU.ActiveCfg = Debug|Any CPU
		{565D12BE-0F20-419F-90FE-39092F9AC696}.Debug|Any CPU.Build.0 = Debug|Any CPU
		{565D12BE-0F20-419F-90FE-39092F9AC696}.Release|Any CPU.ActiveCfg = Release|Any CPU
		{565D12BE-0F20-419F-90FE-39092F9AC696}.Release|Any CPU.Build.0 = Release|Any CPU
	EndGlobalSection
	GlobalSection(SolutionProperties) = preSolution
		HideSolutionNode = FALSE
	EndGlobalSection
	GlobalSection(ExtensibilityGlobals) = postSolution
		SolutionGuid = {4CE22E57-EA60-41B9-AEF9-A14E8C7BC443}
	EndGlobalSection
EndGlobal
